
Microsoft Visual Studio Solution File, Format Version 12.00
# Visual Studio Version 16
VisualStudioVersion = 16.0.29926.136
MinimumVisualStudioVersion = 10.0.40219.1
Project("{9A19103F-16F7-4668-BE54-9A1E7A4F7556}") = "WebPortal", "WebPortal\WebPortal.csproj", "{073C748F-B8A4-48E4-AE8F-C5A9DAB9B337}"
EndProject
Project("{9A19103F-16F7-4668-BE54-9A1E7A4F7556}") = "FjtFramework.Core", "FjtFramework\FjtFramework.Core\FjtFramework.Core.csproj", "{B1568A01-E9D6-42EF-9A8D-64181C283819}"
EndProject
Project("{9A19103F-16F7-4668-BE54-9A1E7A4F7556}") = "ConduitPortal", "ConduitPortal\ConduitPortal.csproj", "{9E28BAC5-4E3F-4A49-949A-B6FB27E39C90}"
EndProject
Project("{FAE04EC0-301F-11D3-BF4B-00C04F79EFBC}") = "FetchNews", "FetchNews\FetchNews.csproj", "{12B17462-5C79-4015-872E-74C95BB05B6C}"
EndProject
Global
	GlobalSection(SolutionConfigurationPlatforms) = preSolution
		Debug|Any CPU = Debug|Any CPU
		Release|Any CPU = Release|Any CPU
	EndGlobalSection
	GlobalSection(ProjectConfigurationPlatforms) = postSolution
		{073C748F-B8A4-48E4-AE8F-C5A9DAB9B337}.Debug|Any CPU.ActiveCfg = Debug|Any CPU
		{073C748F-B8A4-48E4-AE8F-C5A9DAB9B337}.Debug|Any CPU.Build.0 = Debug|Any CPU
		{073C748F-B8A4-48E4-AE8F-C5A9DAB9B337}.Release|Any CPU.ActiveCfg = Release|Any CPU
		{073C748F-B8A4-48E4-AE8F-C5A9DAB9B337}.Release|Any CPU.Build.0 = Release|Any CPU
		{B1568A01-E9D6-42EF-9A8D-64181C283819}.Debug|Any CPU.ActiveCfg = Debug|Any CPU
		{B1568A01-E9D6-42EF-9A8D-64181C283819}.Debug|Any CPU.Build.0 = Debug|Any CPU
		{B1568A01-E9D6-42EF-9A8D-64181C283819}.Release|Any CPU.ActiveCfg = Release|Any CPU
		{B1568A01-E9D6-42EF-9A8D-64181C283819}.Release|Any CPU.Build.0 = Release|Any CPU
		{9E28BAC5-4E3F-4A49-949A-B6FB27E39C90}.Debug|Any CPU.ActiveCfg = Debug|Any CPU
		{9E28BAC5-4E3F-4A49-949A-B6FB27E39C90}.Debug|Any CPU.Build.0 = Debug|Any CPU
		{9E28BAC5-4E3F-4A49-949A-B6FB27E39C90}.Release|Any CPU.ActiveCfg = Release|Any CPU
		{9E28BAC5-4E3F-4A49-949A-B6FB27E39C90}.Release|Any CPU.Build.0 = Release|Any CPU
		{12B17462-5C79-4015-872E-74C95BB05B6C}.Debug|Any CPU.ActiveCfg = Debug|Any CPU
		{12B17462-5C79-4015-872E-74C95BB05B6C}.Debug|Any CPU.Build.0 = Debug|Any CPU
		{12B17462-5C79-4015-872E-74C95BB05B6C}.Release|Any CPU.ActiveCfg = Release|Any CPU
		{12B17462-5C79-4015-872E-74C95BB05B6C}.Release|Any CPU.Build.0 = Release|Any CPU
	EndGlobalSection
	GlobalSection(SolutionProperties) = preSolution
		HideSolutionNode = FALSE
	EndGlobalSection
	GlobalSection(ExtensibilityGlobals) = postSolution
		SolutionGuid = {66BB5552-0D7C-4754-BDDD-FD7F832A1CCD}
	EndGlobalSection
EndGlobal
